
Microsoft Visual Studio Solution File, Format Version 12.00
# Visual Studio 14
VisualStudioVersion = 14.0.24720.0
MinimumVisualStudioVersion = 10.0.40219.1
Project("{FAE04EC0-301F-11D3-BF4B-00C04F79EFBC}") = "KendoNG.Web", "KendoNG.Web\KendoNG.Web.csproj", "{27BD851D-CDE7-4D54-A52D-228297296628}"
EndProject
Project("{E24C65DC-7377-472B-9ABA-BC803B73C61A}") = "KendoNG.WebSite(1)", "KendoNG.WebSite\", "{1322C5AD-1BFF-42BA-9368-5B7A2CDD22BD}"
	ProjectSection(WebsiteProperties) = preProject
		TargetFrameworkMoniker = ".NETFramework,Version%3Dv4.5.1"
		Debug.AspNetCompiler.VirtualPath = "/localhost_47186"
		Debug.AspNetCompiler.PhysicalPath = "KendoNG.WebSite\"
		Debug.AspNetCompiler.TargetPath = "PrecompiledWeb\localhost_47186\"
		Debug.AspNetCompiler.Updateable = "true"
		Debug.AspNetCompiler.ForceOverwrite = "true"
		Debug.AspNetCompiler.FixedNames = "false"
		Debug.AspNetCompiler.Debug = "True"
		Release.AspNetCompiler.VirtualPath = "/localhost_47186"
		Release.AspNetCompiler.PhysicalPath = "KendoNG.WebSite\"
		Release.AspNetCompiler.TargetPath = "PrecompiledWeb\localhost_47186\"
		Release.AspNetCompiler.Updateable = "true"
		Release.AspNetCompiler.ForceOverwrite = "true"
		Release.AspNetCompiler.FixedNames = "false"
		Release.AspNetCompiler.Debug = "False"
		VWDPort = "47186"
		SlnRelativePath = "KendoNG.WebSite\"
		DefaultWebSiteLanguage = "Visual C#"
	EndProjectSection
EndProject
Global
	GlobalSection(SolutionConfigurationPlatforms) = preSolution
		Debug|Any CPU = Debug|Any CPU
		Release|Any CPU = Release|Any CPU
	EndGlobalSection
	GlobalSection(ProjectConfigurationPlatforms) = postSolution
		{27BD851D-CDE7-4D54-A52D-228297296628}.Debug|Any CPU.ActiveCfg = Debug|Any CPU
		{27BD851D-CDE7-4D54-A52D-228297296628}.Debug|Any CPU.Build.0 = Debug|Any CPU
		{27BD851D-CDE7-4D54-A52D-228297296628}.Release|Any CPU.ActiveCfg = Release|Any CPU
		{27BD851D-CDE7-4D54-A52D-228297296628}.Release|Any CPU.Build.0 = Release|Any CPU
		{1322C5AD-1BFF-42BA-9368-5B7A2CDD22BD}.Debug|Any CPU.ActiveCfg = Debug|Any CPU
		{1322C5AD-1BFF-42BA-9368-5B7A2CDD22BD}.Debug|Any CPU.Build.0 = Debug|Any CPU
		{1322C5AD-1BFF-42BA-9368-5B7A2CDD22BD}.Release|Any CPU.ActiveCfg = Debug|Any CPU
		{1322C5AD-1BFF-42BA-9368-5B7A2CDD22BD}.Release|Any CPU.Build.0 = Debug|Any CPU
	EndGlobalSection
	GlobalSection(SolutionProperties) = preSolution
		HideSolutionNode = FALSE
	EndGlobalSection
EndGlobal
