
Microsoft Visual Studio Solution File, Format Version 12.00
# Visual Studio 14
VisualStudioVersion = 14.0.24720.0
MinimumVisualStudioVersion = 10.0.40219.1
Project("{FAE04EC0-301F-11D3-BF4B-00C04F79EFBC}") = "MemoryLeakSample", "MemoryLeakSample\MemoryLeakSample.csproj", "{C8660D00-3D5F-45F6-BC2C-13A07A37D9E5}"
EndProject
Project("{FAE04EC0-301F-11D3-BF4B-00C04F79EFBC}") = "MemoryLeakSample.Client", "MemoryLeakSample.Client\MemoryLeakSample.Client.csproj", "{BC1C97FC-B8C8-46D8-994A-7F2B75692EB6}"
	ProjectSection(ProjectDependencies) = postProject
		{C8660D00-3D5F-45F6-BC2C-13A07A37D9E5} = {C8660D00-3D5F-45F6-BC2C-13A07A37D9E5}
	EndProjectSection
EndProject
Project("{FAE04EC0-301F-11D3-BF4B-00C04F79EFBC}") = "MemoryLeakSample.ClassLibrary", "MemoryLeakSample.ClassLibrary\MemoryLeakSample.ClassLibrary.csproj", "{B0C66E8B-543A-455F-831F-088502850EBB}"
EndProject
Global
	GlobalSection(SolutionConfigurationPlatforms) = preSolution
		Debug|Any CPU = Debug|Any CPU
		Release|Any CPU = Release|Any CPU
	EndGlobalSection
	GlobalSection(ProjectConfigurationPlatforms) = postSolution
		{C8660D00-3D5F-45F6-BC2C-13A07A37D9E5}.Debug|Any CPU.ActiveCfg = Debug|Any CPU
		{C8660D00-3D5F-45F6-BC2C-13A07A37D9E5}.Debug|Any CPU.Build.0 = Debug|Any CPU
		{C8660D00-3D5F-45F6-BC2C-13A07A37D9E5}.Release|Any CPU.ActiveCfg = Release|Any CPU
		{C8660D00-3D5F-45F6-BC2C-13A07A37D9E5}.Release|Any CPU.Build.0 = Release|Any CPU
		{BC1C97FC-B8C8-46D8-994A-7F2B75692EB6}.Debug|Any CPU.ActiveCfg = Debug|Any CPU
		{BC1C97FC-B8C8-46D8-994A-7F2B75692EB6}.Debug|Any CPU.Build.0 = Debug|Any CPU
		{BC1C97FC-B8C8-46D8-994A-7F2B75692EB6}.Release|Any CPU.ActiveCfg = Release|Any CPU
		{BC1C97FC-B8C8-46D8-994A-7F2B75692EB6}.Release|Any CPU.Build.0 = Release|Any CPU
		{B0C66E8B-543A-455F-831F-088502850EBB}.Debug|Any CPU.ActiveCfg = Debug|Any CPU
		{B0C66E8B-543A-455F-831F-088502850EBB}.Debug|Any CPU.Build.0 = Debug|Any CPU
		{B0C66E8B-543A-455F-831F-088502850EBB}.Release|Any CPU.ActiveCfg = Release|Any CPU
		{B0C66E8B-543A-455F-831F-088502850EBB}.Release|Any CPU.Build.0 = Release|Any CPU
	EndGlobalSection
	GlobalSection(SolutionProperties) = preSolution
		HideSolutionNode = FALSE
	EndGlobalSection
EndGlobal
